
Microsoft Visual Studio Solution File, Format Version 12.00
# Visual Studio Version 17
VisualStudioVersion = 17.4.33213.308
MinimumVisualStudioVersion = 10.0.40219.1
Project("{FAE04EC0-301F-11D3-BF4B-00C04F79EFBC}") = "GriasdiWinFormApp", "GriasdiWinFormApp.csproj", "{ABDEE675-0305-4142-AD26-95EEAACB2082}"
EndProject
Project("{2150E333-8FDC-42A3-9474-1A3956D46DE8}") = "MVVMS", "MVVMS", "{9F238A5E-4108-4A26-B144-13CF3CD08D04}"
EndProject
Project("{2150E333-8FDC-42A3-9474-1A3956D46DE8}") = "VIEWS", "VIEWS", "{2A1F593C-DEFA-4FD1-BD54-B7798BFE7BE9}"
EndProject
Project("{2150E333-8FDC-42A3-9474-1A3956D46DE8}") = "VIEWMODELS", "VIEWMODELS", "{0C465CEB-2265-402C-ADF9-33A69180CFE1}"
EndProject
Project("{2150E333-8FDC-42A3-9474-1A3956D46DE8}") = "MODELS", "MODELS", "{FEDD1490-2C3C-4393-B10C-D0EFBE01F9A8}"
EndProject
Project("{2150E333-8FDC-42A3-9474-1A3956D46DE8}") = "HELPERS", "HELPERS", "{7EA388FB-CF2B-46AB-B331-A619A5B93D21}"
EndProject
Project("{2150E333-8FDC-42A3-9474-1A3956D46DE8}") = "EVENTS", "EVENTS", "{39A34645-6D4A-421D-B3A7-D3A62AD09C8C}"
EndProject
Project("{FAE04EC0-301F-11D3-BF4B-00C04F79EFBC}") = "Griasdi.Events", "EVENTS\Griasdi.Events\Griasdi.Events.csproj", "{12DFF439-EE6A-4626-A187-ECB985392ED9}"
EndProject
Project("{FAE04EC0-301F-11D3-BF4B-00C04F79EFBC}") = "Griasdi.Helpers.IoHelpers", "HELPERS\Griasdi.Helpers.IoHelpers\Griasdi.Helpers.IoHelpers.csproj", "{6CF44381-EBAF-44CE-A421-BCF38DE2FB17}"
EndProject
Project("{FAE04EC0-301F-11D3-BF4B-00C04F79EFBC}") = "Griasdi.Helpers.StringHelpers", "HELPERS\Griasdi.Helpers.StringHelpers\Griasdi.Helpers.StringHelpers.csproj", "{27946BFF-64CB-4D96-AA24-5C8218DC6B9B}"
EndProject
Project("{FAE04EC0-301F-11D3-BF4B-00C04F79EFBC}") = "Griasdi.Mvvms.ViewModels", "MVVMS\VIEWMODELS\Griasdi.Mvvms.ViewModels\Griasdi.Mvvms.ViewModels.csproj", "{FCC2B7CA-2E50-4D4B-9F13-D78279E48A7C}"
EndProject
Project("{FAE04EC0-301F-11D3-BF4B-00C04F79EFBC}") = "Griasdi.Mvvms.Views", "MVVMS\VIEWS\Griasdi.Mvvms.Views\Griasdi.Mvvms.Views.csproj", "{39104D0D-F237-4C21-8E85-66E65DBF2408}"
EndProject
Project("{2150E333-8FDC-42A3-9474-1A3956D46DE8}") = "COMMONS", "COMMONS", "{D7F0F0E1-F69D-4384-AE9A-5CB061C28064}"
EndProject
Project("{FAE04EC0-301F-11D3-BF4B-00C04F79EFBC}") = "Griasdi.Commons", "COMMONS\Griasdi.Commons\Griasdi.Commons.csproj", "{CABBD549-D234-451C-946C-5A4A5990D61A}"
EndProject
Global
	GlobalSection(SolutionConfigurationPlatforms) = preSolution
		Debug|Any CPU = Debug|Any CPU
		Release|Any CPU = Release|Any CPU
	EndGlobalSection
	GlobalSection(ProjectConfigurationPlatforms) = postSolution
		{ABDEE675-0305-4142-AD26-95EEAACB2082}.Debug|Any CPU.ActiveCfg = Debug|Any CPU
		{ABDEE675-0305-4142-AD26-95EEAACB2082}.Debug|Any CPU.Build.0 = Debug|Any CPU
		{ABDEE675-0305-4142-AD26-95EEAACB2082}.Release|Any CPU.ActiveCfg = Release|Any CPU
		{ABDEE675-0305-4142-AD26-95EEAACB2082}.Release|Any CPU.Build.0 = Release|Any CPU
		{12DFF439-EE6A-4626-A187-ECB985392ED9}.Debug|Any CPU.ActiveCfg = Debug|Any CPU
		{12DFF439-EE6A-4626-A187-ECB985392ED9}.Debug|Any CPU.Build.0 = Debug|Any CPU
		{12DFF439-EE6A-4626-A187-ECB985392ED9}.Release|Any CPU.ActiveCfg = Release|Any CPU
		{12DFF439-EE6A-4626-A187-ECB985392ED9}.Release|Any CPU.Build.0 = Release|Any CPU
		{6CF44381-EBAF-44CE-A421-BCF38DE2FB17}.Debug|Any CPU.ActiveCfg = Debug|Any CPU
		{6CF44381-EBAF-44CE-A421-BCF38DE2FB17}.Debug|Any CPU.Build.0 = Debug|Any CPU
		{6CF44381-EBAF-44CE-A421-BCF38DE2FB17}.Release|Any CPU.ActiveCfg = Release|Any CPU
		{6CF44381-EBAF-44CE-A421-BCF38DE2FB17}.Release|Any CPU.Build.0 = Release|Any CPU
		{27946BFF-64CB-4D96-AA24-5C8218DC6B9B}.Debug|Any CPU.ActiveCfg = Debug|Any CPU
		{27946BFF-64CB-4D96-AA24-5C8218DC6B9B}.Debug|Any CPU.Build.0 = Debug|Any CPU
		{27946BFF-64CB-4D96-AA24-5C8218DC6B9B}.Release|Any CPU.ActiveCfg = Release|Any CPU
		{27946BFF-64CB-4D96-AA24-5C8218DC6B9B}.Release|Any CPU.Build.0 = Release|Any CPU
		{FCC2B7CA-2E50-4D4B-9F13-D78279E48A7C}.Debug|Any CPU.ActiveCfg = Debug|Any CPU
		{FCC2B7CA-2E50-4D4B-9F13-D78279E48A7C}.Debug|Any CPU.Build.0 = Debug|Any CPU
		{FCC2B7CA-2E50-4D4B-9F13-D78279E48A7C}.Release|Any CPU.ActiveCfg = Release|Any CPU
		{FCC2B7CA-2E50-4D4B-9F13-D78279E48A7C}.Release|Any CPU.Build.0 = Release|Any CPU
		{39104D0D-F237-4C21-8E85-66E65DBF2408}.Debug|Any CPU.ActiveCfg = Debug|Any CPU
		{39104D0D-F237-4C21-8E85-66E65DBF2408}.Debug|Any CPU.Build.0 = Debug|Any CPU
		{39104D0D-F237-4C21-8E85-66E65DBF2408}.Release|Any CPU.ActiveCfg = Release|Any CPU
		{39104D0D-F237-4C21-8E85-66E65DBF2408}.Release|Any CPU.Build.0 = Release|Any CPU
		{CABBD549-D234-451C-946C-5A4A5990D61A}.Debug|Any CPU.ActiveCfg = Debug|Any CPU
		{CABBD549-D234-451C-946C-5A4A5990D61A}.Debug|Any CPU.Build.0 = Debug|Any CPU
		{CABBD549-D234-451C-946C-5A4A5990D61A}.Release|Any CPU.ActiveCfg = Release|Any CPU
		{CABBD549-D234-451C-946C-5A4A5990D61A}.Release|Any CPU.Build.0 = Release|Any CPU
	EndGlobalSection
	GlobalSection(SolutionProperties) = preSolution
		HideSolutionNode = FALSE
	EndGlobalSection
	GlobalSection(NestedProjects) = preSolution
		{2A1F593C-DEFA-4FD1-BD54-B7798BFE7BE9} = {9F238A5E-4108-4A26-B144-13CF3CD08D04}
		{0C465CEB-2265-402C-ADF9-33A69180CFE1} = {9F238A5E-4108-4A26-B144-13CF3CD08D04}
		{FEDD1490-2C3C-4393-B10C-D0EFBE01F9A8} = {9F238A5E-4108-4A26-B144-13CF3CD08D04}
		{12DFF439-EE6A-4626-A187-ECB985392ED9} = {39A34645-6D4A-421D-B3A7-D3A62AD09C8C}
		{6CF44381-EBAF-44CE-A421-BCF38DE2FB17} = {7EA388FB-CF2B-46AB-B331-A619A5B93D21}
		{27946BFF-64CB-4D96-AA24-5C8218DC6B9B} = {7EA388FB-CF2B-46AB-B331-A619A5B93D21}
		{FCC2B7CA-2E50-4D4B-9F13-D78279E48A7C} = {0C465CEB-2265-402C-ADF9-33A69180CFE1}
		{39104D0D-F237-4C21-8E85-66E65DBF2408} = {2A1F593C-DEFA-4FD1-BD54-B7798BFE7BE9}
		{CABBD549-D234-451C-946C-5A4A5990D61A} = {D7F0F0E1-F69D-4384-AE9A-5CB061C28064}
	EndGlobalSection
	GlobalSection(ExtensibilityGlobals) = postSolution
		SolutionGuid = {269BCC6B-1170-497B-AE5B-9482950EBC2E}
	EndGlobalSection
EndGlobal
