
Microsoft Visual Studio Solution File, Format Version 12.00
# Visual Studio Version 17
VisualStudioVersion = 17.4.33213.308
MinimumVisualStudioVersion = 10.0.40219.1
Project("{FAE04EC0-301F-11D3-BF4B-00C04F79EFBC}") = "GriasdiWinFormApp", "GriasdiWinFormApp.csproj", "{ABDEE675-0305-4142-AD26-95EEAACB2082}"
EndProject
Project("{2150E333-8FDC-42A3-9474-1A3956D46DE8}") = "MVVMS", "MVVMS", "{9F238A5E-4108-4A26-B144-13CF3CD08D04}"
EndProject
Project("{2150E333-8FDC-42A3-9474-1A3956D46DE8}") = "VIEWS", "VIEWS", "{2A1F593C-DEFA-4FD1-BD54-B7798BFE7BE9}"
EndProject
Project("{2150E333-8FDC-42A3-9474-1A3956D46DE8}") = "VIEWMODELS", "VIEWMODELS", "{0C465CEB-2265-402C-ADF9-33A69180CFE1}"
EndProject
Project("{2150E333-8FDC-42A3-9474-1A3956D46DE8}") = "MODELS", "MODELS", "{FEDD1490-2C3C-4393-B10C-D0EFBE01F9A8}"
EndProject
Project("{2150E333-8FDC-42A3-9474-1A3956D46DE8}") = "HELPERS", "HELPERS", "{7EA388FB-CF2B-46AB-B331-A619A5B93D21}"
EndProject
Project("{2150E333-8FDC-42A3-9474-1A3956D46DE8}") = "EVENTS", "EVENTS", "{39A34645-6D4A-421D-B3A7-D3A62AD09C8C}"
EndProject
Project("{FAE04EC0-301F-11D3-BF4B-00C04F79EFBC}") = "Griasdi.Events", "EVENTS\Griasdi.Events\Griasdi.Events.csproj", "{12DFF439-EE6A-4626-A187-ECB985392ED9}"
EndProject
Project("{FAE04EC0-301F-11D3-BF4B-00C04F79EFBC}") = "Griasdi.Helpers.IoHelpers", "HELPERS\Griasdi.Helpers.IoHelpers\Griasdi.Helpers.IoHelpers.csproj", "{6CF44381-EBAF-44CE-A421-BCF38DE2FB17}"
EndProject
Project("{FAE04EC0-301F-11D3-BF4B-00C04F79EFBC}") = "Griasdi.Helpers.StringHelpers", "HELPERS\Griasdi.Helpers.StringHelpers\Griasdi.Helpers.StringHelpers.csproj", "{27946BFF-64CB-4D96-AA24-5C8218DC6B9B}"
EndProject
Project("{FAE04EC0-301F-11D3-BF4B-00C04F79EFBC}") = "Griasdi.Mvvms.ViewModels", "MVVMS\VIEWMODELS\Griasdi.Mvvms.ViewModels\Griasdi.Mvvms.ViewModels.csproj", "{FCC2B7CA-2E50-4D4B-9F13-D78279E48A7C}"
EndProject
Project("{FAE04EC0-301F-11D3-BF4B-00C04F79EFBC}") = "Griasdi.Mvvms.Views", "MVVMS\VIEWS\Griasdi.Mvvms.Views\Griasdi.Mvvms.Views.csproj", "{39104D0D-F237-4C21-8E85-66E65DBF2408}"
EndProject
Project("{2150E333-8FDC-42A3-9474-1A3956D46DE8}") = "COMMONS", "COMMONS", "{D7F0F0E1-F69D-4384-AE9A-5CB061C28064}"
EndProject
Project("{FAE04EC0-301F-11D3-BF4B-00C04F79EFBC}") = "Griasdi.Commons", "COMMONS\Griasdi.Commons\Griasdi.Commons.csproj", "{CABBD549-D234-451C-946C-5A4A5990D61A}"
EndProject
Project("{2150E333-8FDC-42A3-9474-1A3956D46DE8}") = "NATIVEVIEWS", "NATIVEVIEWS", "{C7FD0659-92BD-44D1-B217-9614CBE95158}"
EndProject
Project("{FAE04EC0-301F-11D3-BF4B-00C04F79EFBC}") = "Griasdi.Mvvms.Views.NativeViews", "MVVMS\VIEWS\NATIVEVIEWS\Griasdi.Mvvms.Views.NativeViews\Griasdi.Mvvms.Views.NativeViews.csproj", "{CAE53D2C-2013-4F4C-B5EA-E73893B6C959}"
EndProject
Project("{FAE04EC0-301F-11D3-BF4B-00C04F79EFBC}") = "Griasdi.Mvvms.Views.NativeViews.EditViewControls", "MVVMS\VIEWS\NATIVEVIEWS\Griasdi.Mvvms.Views.NativeViews.EditViewControls\Griasdi.Mvvms.Views.NativeViews.EditViewControls.csproj", "{3526565E-68B7-4955-AD16-517A3EFE9F51}"
EndProject
Project("{FAE04EC0-301F-11D3-BF4B-00C04F79EFBC}") = "Griasdi.Mvvms.ViewModels.Edits", "MVVMS\VIEWMODELS\Griasdi.Mvvms.ViewModels.Edits\Griasdi.Mvvms.ViewModels.Edits.csproj", "{39E8ED6C-3992-4523-AE4F-9F5EFA0EAF75}"
EndProject
Project("{FAE04EC0-301F-11D3-BF4B-00C04F79EFBC}") = "Griasdi.Mvvms.Views.Edits", "MVVMS\VIEWS\Griasdi.Mvvms.Views.Edits\Griasdi.Mvvms.Views.Edits.csproj", "{3581BD08-2772-46DC-B2C0-82FCCC0F47B6}"
EndProject
Project("{FAE04EC0-301F-11D3-BF4B-00C04F79EFBC}") = "Griasdi.Mvvms.ViewModels.Factories", "MVVMS\VIEWMODELS\Griasdi.Mvvms.ViewModels.Factories\Griasdi.Mvvms.ViewModels.Factories.csproj", "{2C459479-7355-4EE1-8A19-DC0D138BEBE9}"
EndProject
Project("{FAE04EC0-301F-11D3-BF4B-00C04F79EFBC}") = "Griasdi.Mvvms.ViewModels.Buttons", "MVVMS\VIEWMODELS\Griasdi.Mvvms.ViewModels.Buttons\Griasdi.Mvvms.ViewModels.Buttons.csproj", "{465E4616-4CFB-4F80-BB33-9A14966AA46E}"
EndProject
Project("{FAE04EC0-301F-11D3-BF4B-00C04F79EFBC}") = "Griasdi.Mvvms.Views.NativeViews.ButtonViewControls", "MVVMS\VIEWS\NATIVEVIEWS\Griasdi.Mvvms.Views.NativeViews.ButtonViewControls\Griasdi.Mvvms.Views.NativeViews.ButtonViewControls.csproj", "{D34BD189-5A3B-4741-A408-0A568C9B106E}"
EndProject
Project("{FAE04EC0-301F-11D3-BF4B-00C04F79EFBC}") = "Griasdi.Mvvms.Views.Buttons", "MVVMS\VIEWS\Griasdi.Mvvms.Views.Buttons\Griasdi.Mvvms.Views.Buttons.csproj", "{B0291FCD-C34F-44CA-A18D-7EBF3DFF520D}"
EndProject
Project("{2150E333-8FDC-42A3-9474-1A3956D46DE8}") = "PLAYGROUNDS", "PLAYGROUNDS", "{F1E7101E-4E2B-4E82-BA59-E44B4070CA10}"
EndProject
Project("{2150E333-8FDC-42A3-9474-1A3956D46DE8}") = "TRADEFAIRS", "TRADEFAIRS", "{BD0B2384-C370-48F0-975A-C91FC3E8230E}"
EndProject
Project("{2150E333-8FDC-42A3-9474-1A3956D46DE8}") = "EXHIBITORS", "EXHIBITORS", "{0B4D899E-CC57-4AE7-A671-33E2557A2002}"
EndProject
Project("{FAE04EC0-301F-11D3-BF4B-00C04F79EFBC}") = "Griasdi.Tradefairs.Exhibitors", "PLAYGROUNDS\TRADEFAIRS\Griasdi.Tradefairs.Exhibitors\Griasdi.Tradefairs.Exhibitors.csproj", "{6FF7A679-4C5A-4E32-B78D-F0B55CF0A18C}"
EndProject
Project("{FAE04EC0-301F-11D3-BF4B-00C04F79EFBC}") = "Griasdi.Tradefairs.Commons", "PLAYGROUNDS\TRADEFAIRS\Griasdi.Tradefairs.Commons\Griasdi.Tradefairs.Commons.csproj", "{FB397F39-3693-44B6-89F5-C7D6E7A4D218}"
EndProject
Project("{2150E333-8FDC-42A3-9474-1A3956D46DE8}") = "APPS", "APPS", "{FA71BAC9-EBA4-4E25-A8FA-56001C66D5E2}"
EndProject
Project("{FAE04EC0-301F-11D3-BF4B-00C04F79EFBC}") = "Griasdi.Mvvms.Views.NativeViews.PanelViewControls", "MVVMS\VIEWS\NATIVEVIEWS\Griasdi.Mvvms.Views.NativeViews.PanelViewControls\Griasdi.Mvvms.Views.NativeViews.PanelViewControls.csproj", "{14130EEF-EC8D-46ED-9C7E-3B69B3A9AA1F}"
EndProject
Project("{FAE04EC0-301F-11D3-BF4B-00C04F79EFBC}") = "Griasdi.Mvvms.ViewModels.Panels", "MVVMS\VIEWMODELS\Griasdi.Mvvms.ViewModels.Panels\Griasdi.Mvvms.ViewModels.Panels.csproj", "{029338EE-2A8B-4517-A264-69EEF00901FA}"
EndProject
Project("{FAE04EC0-301F-11D3-BF4B-00C04F79EFBC}") = "Griasdi.Mvvms.Views.Panels", "MVVMS\VIEWS\Griasdi.Mvvms.Views.Panels\Griasdi.Mvvms.Views.Panels.csproj", "{CA07DDDB-9447-45DD-A6EA-AB6AF3A2FCC4}"
EndProject
Project("{FAE04EC0-301F-11D3-BF4B-00C04F79EFBC}") = "Griasdi.Apps.GreetingTranslatorApps", "PLAYGROUNDS\TRADEFAIRS\APPS\Griasdi.Apps.GreetingTranslatorApps\Griasdi.Apps.GreetingTranslatorApps.csproj", "{DFCDC7B1-9252-4FAC-A7C1-1231B40E42A3}"
EndProject
Project("{FAE04EC0-301F-11D3-BF4B-00C04F79EFBC}") = "Griasdi.Apps.OcrEngineApps", "PLAYGROUNDS\TRADEFAIRS\APPS\Griasdi.Apps.OcrEngineApps\Griasdi.Apps.OcrEngineApps.csproj", "{F2268A00-ED3A-443F-B3B8-86D1F345AAF7}"
EndProject
Project("{2150E333-8FDC-42A3-9474-1A3956D46DE8}") = "COMPOSITES", "COMPOSITES", "{70BF20E2-FBD8-414A-A1BF-A8997BF82873}"
EndProject
Project("{2150E333-8FDC-42A3-9474-1A3956D46DE8}") = "COMPOSITES", "COMPOSITES", "{CD0F80E3-EF40-438F-8473-253A118310AB}"
EndProject
Project("{FAE04EC0-301F-11D3-BF4B-00C04F79EFBC}") = "Griasdi.Helpers.ProcessHelpers", "HELPERS\Griasdi.Helpers.ProcessHelpers\Griasdi.Helpers.ProcessHelpers.csproj", "{2DA6F482-1430-4F55-94D7-D0349E08381D}"
EndProject
Global
	GlobalSection(SolutionConfigurationPlatforms) = preSolution
		Debug|Any CPU = Debug|Any CPU
		Release|Any CPU = Release|Any CPU
	EndGlobalSection
	GlobalSection(ProjectConfigurationPlatforms) = postSolution
		{ABDEE675-0305-4142-AD26-95EEAACB2082}.Debug|Any CPU.ActiveCfg = Debug|Any CPU
		{ABDEE675-0305-4142-AD26-95EEAACB2082}.Debug|Any CPU.Build.0 = Debug|Any CPU
		{ABDEE675-0305-4142-AD26-95EEAACB2082}.Release|Any CPU.ActiveCfg = Release|Any CPU
		{ABDEE675-0305-4142-AD26-95EEAACB2082}.Release|Any CPU.Build.0 = Release|Any CPU
		{12DFF439-EE6A-4626-A187-ECB985392ED9}.Debug|Any CPU.ActiveCfg = Debug|Any CPU
		{12DFF439-EE6A-4626-A187-ECB985392ED9}.Debug|Any CPU.Build.0 = Debug|Any CPU
		{12DFF439-EE6A-4626-A187-ECB985392ED9}.Release|Any CPU.ActiveCfg = Release|Any CPU
		{12DFF439-EE6A-4626-A187-ECB985392ED9}.Release|Any CPU.Build.0 = Release|Any CPU
		{6CF44381-EBAF-44CE-A421-BCF38DE2FB17}.Debug|Any CPU.ActiveCfg = Debug|Any CPU
		{6CF44381-EBAF-44CE-A421-BCF38DE2FB17}.Debug|Any CPU.Build.0 = Debug|Any CPU
		{6CF44381-EBAF-44CE-A421-BCF38DE2FB17}.Release|Any CPU.ActiveCfg = Release|Any CPU
		{6CF44381-EBAF-44CE-A421-BCF38DE2FB17}.Release|Any CPU.Build.0 = Release|Any CPU
		{27946BFF-64CB-4D96-AA24-5C8218DC6B9B}.Debug|Any CPU.ActiveCfg = Debug|Any CPU
		{27946BFF-64CB-4D96-AA24-5C8218DC6B9B}.Debug|Any CPU.Build.0 = Debug|Any CPU
		{27946BFF-64CB-4D96-AA24-5C8218DC6B9B}.Release|Any CPU.ActiveCfg = Release|Any CPU
		{27946BFF-64CB-4D96-AA24-5C8218DC6B9B}.Release|Any CPU.Build.0 = Release|Any CPU
		{FCC2B7CA-2E50-4D4B-9F13-D78279E48A7C}.Debug|Any CPU.ActiveCfg = Debug|Any CPU
		{FCC2B7CA-2E50-4D4B-9F13-D78279E48A7C}.Debug|Any CPU.Build.0 = Debug|Any CPU
		{FCC2B7CA-2E50-4D4B-9F13-D78279E48A7C}.Release|Any CPU.ActiveCfg = Release|Any CPU
		{FCC2B7CA-2E50-4D4B-9F13-D78279E48A7C}.Release|Any CPU.Build.0 = Release|Any CPU
		{39104D0D-F237-4C21-8E85-66E65DBF2408}.Debug|Any CPU.ActiveCfg = Debug|Any CPU
		{39104D0D-F237-4C21-8E85-66E65DBF2408}.Debug|Any CPU.Build.0 = Debug|Any CPU
		{39104D0D-F237-4C21-8E85-66E65DBF2408}.Release|Any CPU.ActiveCfg = Release|Any CPU
		{39104D0D-F237-4C21-8E85-66E65DBF2408}.Release|Any CPU.Build.0 = Release|Any CPU
		{CABBD549-D234-451C-946C-5A4A5990D61A}.Debug|Any CPU.ActiveCfg = Debug|Any CPU
		{CABBD549-D234-451C-946C-5A4A5990D61A}.Debug|Any CPU.Build.0 = Debug|Any CPU
		{CABBD549-D234-451C-946C-5A4A5990D61A}.Release|Any CPU.ActiveCfg = Release|Any CPU
		{CABBD549-D234-451C-946C-5A4A5990D61A}.Release|Any CPU.Build.0 = Release|Any CPU
		{CAE53D2C-2013-4F4C-B5EA-E73893B6C959}.Debug|Any CPU.ActiveCfg = Debug|Any CPU
		{CAE53D2C-2013-4F4C-B5EA-E73893B6C959}.Debug|Any CPU.Build.0 = Debug|Any CPU
		{CAE53D2C-2013-4F4C-B5EA-E73893B6C959}.Release|Any CPU.ActiveCfg = Release|Any CPU
		{CAE53D2C-2013-4F4C-B5EA-E73893B6C959}.Release|Any CPU.Build.0 = Release|Any CPU
		{3526565E-68B7-4955-AD16-517A3EFE9F51}.Debug|Any CPU.ActiveCfg = Debug|Any CPU
		{3526565E-68B7-4955-AD16-517A3EFE9F51}.Debug|Any CPU.Build.0 = Debug|Any CPU
		{3526565E-68B7-4955-AD16-517A3EFE9F51}.Release|Any CPU.ActiveCfg = Release|Any CPU
		{3526565E-68B7-4955-AD16-517A3EFE9F51}.Release|Any CPU.Build.0 = Release|Any CPU
		{39E8ED6C-3992-4523-AE4F-9F5EFA0EAF75}.Debug|Any CPU.ActiveCfg = Debug|Any CPU
		{39E8ED6C-3992-4523-AE4F-9F5EFA0EAF75}.Debug|Any CPU.Build.0 = Debug|Any CPU
		{39E8ED6C-3992-4523-AE4F-9F5EFA0EAF75}.Release|Any CPU.ActiveCfg = Release|Any CPU
		{39E8ED6C-3992-4523-AE4F-9F5EFA0EAF75}.Release|Any CPU.Build.0 = Release|Any CPU
		{3581BD08-2772-46DC-B2C0-82FCCC0F47B6}.Debug|Any CPU.ActiveCfg = Debug|Any CPU
		{3581BD08-2772-46DC-B2C0-82FCCC0F47B6}.Debug|Any CPU.Build.0 = Debug|Any CPU
		{3581BD08-2772-46DC-B2C0-82FCCC0F47B6}.Release|Any CPU.ActiveCfg = Release|Any CPU
		{3581BD08-2772-46DC-B2C0-82FCCC0F47B6}.Release|Any CPU.Build.0 = Release|Any CPU
		{2C459479-7355-4EE1-8A19-DC0D138BEBE9}.Debug|Any CPU.ActiveCfg = Debug|Any CPU
		{2C459479-7355-4EE1-8A19-DC0D138BEBE9}.Debug|Any CPU.Build.0 = Debug|Any CPU
		{2C459479-7355-4EE1-8A19-DC0D138BEBE9}.Release|Any CPU.ActiveCfg = Release|Any CPU
		{2C459479-7355-4EE1-8A19-DC0D138BEBE9}.Release|Any CPU.Build.0 = Release|Any CPU
		{465E4616-4CFB-4F80-BB33-9A14966AA46E}.Debug|Any CPU.ActiveCfg = Debug|Any CPU
		{465E4616-4CFB-4F80-BB33-9A14966AA46E}.Debug|Any CPU.Build.0 = Debug|Any CPU
		{465E4616-4CFB-4F80-BB33-9A14966AA46E}.Release|Any CPU.ActiveCfg = Release|Any CPU
		{465E4616-4CFB-4F80-BB33-9A14966AA46E}.Release|Any CPU.Build.0 = Release|Any CPU
		{D34BD189-5A3B-4741-A408-0A568C9B106E}.Debug|Any CPU.ActiveCfg = Debug|Any CPU
		{D34BD189-5A3B-4741-A408-0A568C9B106E}.Debug|Any CPU.Build.0 = Debug|Any CPU
		{D34BD189-5A3B-4741-A408-0A568C9B106E}.Release|Any CPU.ActiveCfg = Release|Any CPU
		{D34BD189-5A3B-4741-A408-0A568C9B106E}.Release|Any CPU.Build.0 = Release|Any CPU
		{B0291FCD-C34F-44CA-A18D-7EBF3DFF520D}.Debug|Any CPU.ActiveCfg = Debug|Any CPU
		{B0291FCD-C34F-44CA-A18D-7EBF3DFF520D}.Debug|Any CPU.Build.0 = Debug|Any CPU
		{B0291FCD-C34F-44CA-A18D-7EBF3DFF520D}.Release|Any CPU.ActiveCfg = Release|Any CPU
		{B0291FCD-C34F-44CA-A18D-7EBF3DFF520D}.Release|Any CPU.Build.0 = Release|Any CPU
		{6FF7A679-4C5A-4E32-B78D-F0B55CF0A18C}.Debug|Any CPU.ActiveCfg = Debug|Any CPU
		{6FF7A679-4C5A-4E32-B78D-F0B55CF0A18C}.Debug|Any CPU.Build.0 = Debug|Any CPU
		{6FF7A679-4C5A-4E32-B78D-F0B55CF0A18C}.Release|Any CPU.ActiveCfg = Release|Any CPU
		{6FF7A679-4C5A-4E32-B78D-F0B55CF0A18C}.Release|Any CPU.Build.0 = Release|Any CPU
		{FB397F39-3693-44B6-89F5-C7D6E7A4D218}.Debug|Any CPU.ActiveCfg = Debug|Any CPU
		{FB397F39-3693-44B6-89F5-C7D6E7A4D218}.Debug|Any CPU.Build.0 = Debug|Any CPU
		{FB397F39-3693-44B6-89F5-C7D6E7A4D218}.Release|Any CPU.ActiveCfg = Release|Any CPU
		{FB397F39-3693-44B6-89F5-C7D6E7A4D218}.Release|Any CPU.Build.0 = Release|Any CPU
		{14130EEF-EC8D-46ED-9C7E-3B69B3A9AA1F}.Debug|Any CPU.ActiveCfg = Debug|Any CPU
		{14130EEF-EC8D-46ED-9C7E-3B69B3A9AA1F}.Debug|Any CPU.Build.0 = Debug|Any CPU
		{14130EEF-EC8D-46ED-9C7E-3B69B3A9AA1F}.Release|Any CPU.ActiveCfg = Release|Any CPU
		{14130EEF-EC8D-46ED-9C7E-3B69B3A9AA1F}.Release|Any CPU.Build.0 = Release|Any CPU
		{029338EE-2A8B-4517-A264-69EEF00901FA}.Debug|Any CPU.ActiveCfg = Debug|Any CPU
		{029338EE-2A8B-4517-A264-69EEF00901FA}.Debug|Any CPU.Build.0 = Debug|Any CPU
		{029338EE-2A8B-4517-A264-69EEF00901FA}.Release|Any CPU.ActiveCfg = Release|Any CPU
		{029338EE-2A8B-4517-A264-69EEF00901FA}.Release|Any CPU.Build.0 = Release|Any CPU
		{CA07DDDB-9447-45DD-A6EA-AB6AF3A2FCC4}.Debug|Any CPU.ActiveCfg = Debug|Any CPU
		{CA07DDDB-9447-45DD-A6EA-AB6AF3A2FCC4}.Debug|Any CPU.Build.0 = Debug|Any CPU
		{CA07DDDB-9447-45DD-A6EA-AB6AF3A2FCC4}.Release|Any CPU.ActiveCfg = Release|Any CPU
		{CA07DDDB-9447-45DD-A6EA-AB6AF3A2FCC4}.Release|Any CPU.Build.0 = Release|Any CPU
		{DFCDC7B1-9252-4FAC-A7C1-1231B40E42A3}.Debug|Any CPU.ActiveCfg = Debug|Any CPU
		{DFCDC7B1-9252-4FAC-A7C1-1231B40E42A3}.Debug|Any CPU.Build.0 = Debug|Any CPU
		{DFCDC7B1-9252-4FAC-A7C1-1231B40E42A3}.Release|Any CPU.ActiveCfg = Release|Any CPU
		{DFCDC7B1-9252-4FAC-A7C1-1231B40E42A3}.Release|Any CPU.Build.0 = Release|Any CPU
		{F2268A00-ED3A-443F-B3B8-86D1F345AAF7}.Debug|Any CPU.ActiveCfg = Debug|Any CPU
		{F2268A00-ED3A-443F-B3B8-86D1F345AAF7}.Debug|Any CPU.Build.0 = Debug|Any CPU
		{F2268A00-ED3A-443F-B3B8-86D1F345AAF7}.Release|Any CPU.ActiveCfg = Release|Any CPU
		{F2268A00-ED3A-443F-B3B8-86D1F345AAF7}.Release|Any CPU.Build.0 = Release|Any CPU
		{2DA6F482-1430-4F55-94D7-D0349E08381D}.Debug|Any CPU.ActiveCfg = Debug|Any CPU
		{2DA6F482-1430-4F55-94D7-D0349E08381D}.Debug|Any CPU.Build.0 = Debug|Any CPU
		{2DA6F482-1430-4F55-94D7-D0349E08381D}.Release|Any CPU.ActiveCfg = Release|Any CPU
		{2DA6F482-1430-4F55-94D7-D0349E08381D}.Release|Any CPU.Build.0 = Release|Any CPU
	EndGlobalSection
	GlobalSection(SolutionProperties) = preSolution
		HideSolutionNode = FALSE
	EndGlobalSection
	GlobalSection(NestedProjects) = preSolution
		{2A1F593C-DEFA-4FD1-BD54-B7798BFE7BE9} = {9F238A5E-4108-4A26-B144-13CF3CD08D04}
		{0C465CEB-2265-402C-ADF9-33A69180CFE1} = {9F238A5E-4108-4A26-B144-13CF3CD08D04}
		{FEDD1490-2C3C-4393-B10C-D0EFBE01F9A8} = {9F238A5E-4108-4A26-B144-13CF3CD08D04}
		{12DFF439-EE6A-4626-A187-ECB985392ED9} = {39A34645-6D4A-421D-B3A7-D3A62AD09C8C}
		{6CF44381-EBAF-44CE-A421-BCF38DE2FB17} = {7EA388FB-CF2B-46AB-B331-A619A5B93D21}
		{27946BFF-64CB-4D96-AA24-5C8218DC6B9B} = {7EA388FB-CF2B-46AB-B331-A619A5B93D21}
		{FCC2B7CA-2E50-4D4B-9F13-D78279E48A7C} = {0C465CEB-2265-402C-ADF9-33A69180CFE1}
		{39104D0D-F237-4C21-8E85-66E65DBF2408} = {2A1F593C-DEFA-4FD1-BD54-B7798BFE7BE9}
		{CABBD549-D234-451C-946C-5A4A5990D61A} = {D7F0F0E1-F69D-4384-AE9A-5CB061C28064}
		{C7FD0659-92BD-44D1-B217-9614CBE95158} = {2A1F593C-DEFA-4FD1-BD54-B7798BFE7BE9}
		{CAE53D2C-2013-4F4C-B5EA-E73893B6C959} = {C7FD0659-92BD-44D1-B217-9614CBE95158}
		{3526565E-68B7-4955-AD16-517A3EFE9F51} = {C7FD0659-92BD-44D1-B217-9614CBE95158}
		{39E8ED6C-3992-4523-AE4F-9F5EFA0EAF75} = {0C465CEB-2265-402C-ADF9-33A69180CFE1}
		{3581BD08-2772-46DC-B2C0-82FCCC0F47B6} = {2A1F593C-DEFA-4FD1-BD54-B7798BFE7BE9}
		{2C459479-7355-4EE1-8A19-DC0D138BEBE9} = {0C465CEB-2265-402C-ADF9-33A69180CFE1}
		{465E4616-4CFB-4F80-BB33-9A14966AA46E} = {0C465CEB-2265-402C-ADF9-33A69180CFE1}
		{D34BD189-5A3B-4741-A408-0A568C9B106E} = {C7FD0659-92BD-44D1-B217-9614CBE95158}
		{B0291FCD-C34F-44CA-A18D-7EBF3DFF520D} = {2A1F593C-DEFA-4FD1-BD54-B7798BFE7BE9}
		{BD0B2384-C370-48F0-975A-C91FC3E8230E} = {F1E7101E-4E2B-4E82-BA59-E44B4070CA10}
		{0B4D899E-CC57-4AE7-A671-33E2557A2002} = {BD0B2384-C370-48F0-975A-C91FC3E8230E}
		{6FF7A679-4C5A-4E32-B78D-F0B55CF0A18C} = {0B4D899E-CC57-4AE7-A671-33E2557A2002}
		{FB397F39-3693-44B6-89F5-C7D6E7A4D218} = {0B4D899E-CC57-4AE7-A671-33E2557A2002}
		{FA71BAC9-EBA4-4E25-A8FA-56001C66D5E2} = {BD0B2384-C370-48F0-975A-C91FC3E8230E}
		{14130EEF-EC8D-46ED-9C7E-3B69B3A9AA1F} = {C7FD0659-92BD-44D1-B217-9614CBE95158}
		{029338EE-2A8B-4517-A264-69EEF00901FA} = {0C465CEB-2265-402C-ADF9-33A69180CFE1}
		{CA07DDDB-9447-45DD-A6EA-AB6AF3A2FCC4} = {2A1F593C-DEFA-4FD1-BD54-B7798BFE7BE9}
		{DFCDC7B1-9252-4FAC-A7C1-1231B40E42A3} = {FA71BAC9-EBA4-4E25-A8FA-56001C66D5E2}
		{F2268A00-ED3A-443F-B3B8-86D1F345AAF7} = {FA71BAC9-EBA4-4E25-A8FA-56001C66D5E2}
		{70BF20E2-FBD8-414A-A1BF-A8997BF82873} = {C7FD0659-92BD-44D1-B217-9614CBE95158}
		{CD0F80E3-EF40-438F-8473-253A118310AB} = {2A1F593C-DEFA-4FD1-BD54-B7798BFE7BE9}
		{2DA6F482-1430-4F55-94D7-D0349E08381D} = {7EA388FB-CF2B-46AB-B331-A619A5B93D21}
	EndGlobalSection
	GlobalSection(ExtensibilityGlobals) = postSolution
		SolutionGuid = {269BCC6B-1170-497B-AE5B-9482950EBC2E}
	EndGlobalSection
EndGlobal
